// !$*UTF8*$!
{
	archiveVersion = 1;
	classes = {
	};
	objectVersion = 50;
	objects = {

/* Begin PBXBuildFile section */
		F5E8A1DF2456B59700BD0BDB /* AppDelegate.swift in Sources */ = {isa = PBXBuildFile; fileRef = F5E8A1DE2456B59700BD0BDB /* AppDelegate.swift */; };
		F5E8A1E12456B59700BD0BDB /* SceneDelegate.swift in Sources */ = {isa = PBXBuildFile; fileRef = F5E8A1E02456B59700BD0BDB /* SceneDelegate.swift */; };
		F5E8A1E32456B59700BD0BDB /* ViewController.swift in Sources */ = {isa = PBXBuildFile; fileRef = F5E8A1E22456B59700BD0BDB /* ViewController.swift */; };
		F5E8A1E62456B59700BD0BDB /* Main.storyboard in Resources */ = {isa = PBXBuildFile; fileRef = F5E8A1E42456B59700BD0BDB /* Main.storyboard */; };
		F5E8A1E82456B59900BD0BDB /* Assets.xcassets in Resources */ = {isa = PBXBuildFile; fileRef = F5E8A1E72456B59900BD0BDB /* Assets.xcassets */; };
		F5E8A1EB2456B59900BD0BDB /* LaunchScreen.storyboard in Resources */ = {isa = PBXBuildFile; fileRef = F5E8A1E92456B59900BD0BDB /* LaunchScreen.storyboard */; };
		F5E8A1F62456B59A00BD0BDB /* ActiveAndFitTests.swift in Sources */ = {isa = PBXBuildFile; fileRef = F5E8A1F52456B59A00BD0BDB /* ActiveAndFitTests.swift */; };
		F5E8A2012456B59A00BD0BDB /* ActiveAndFitUITests.swift in Sources */ = {isa = PBXBuildFile; fileRef = F5E8A2002456B59A00BD0BDB /* ActiveAndFitUITests.swift */; };
		F5E8A20F2456CC3700BD0BDB /* FacilitiesTableViewController.swift in Sources */ = {isa = PBXBuildFile; fileRef = F5E8A20E2456CC3700BD0BDB /* FacilitiesTableViewController.swift */; };
		F5E8A2112456CC4E00BD0BDB /* FacilitiesTableViewCell.swift in Sources */ = {isa = PBXBuildFile; fileRef = F5E8A2102456CC4E00BD0BDB /* FacilitiesTableViewCell.swift */; };
		F5E8A2152456FAD700BD0BDB /* ScheduleViewController.swift in Sources */ = {isa = PBXBuildFile; fileRef = F5E8A2142456FAD700BD0BDB /* ScheduleViewController.swift */; };
		F5FDDA782457E4AE00D086F6 /* ChargesViewController.swift in Sources */ = {isa = PBXBuildFile; fileRef = F5FDDA772457E4AE00D086F6 /* ChargesViewController.swift */; };
/* End PBXBuildFile section */

/* Begin PBXContainerItemProxy section */
		F5E8A1F22456B59A00BD0BDB /* PBXContainerItemProxy */ = {
			isa = PBXContainerItemProxy;
			containerPortal = F5E8A1D32456B59700BD0BDB /* Project object */;
			proxyType = 1;
			remoteGlobalIDString = F5E8A1DA2456B59700BD0BDB;
			remoteInfo = ActiveAndFit;
		};
		F5E8A1FD2456B59A00BD0BDB /* PBXContainerItemProxy */ = {
			isa = PBXContainerItemProxy;
			containerPortal = F5E8A1D32456B59700BD0BDB /* Project object */;
			proxyType = 1;
			remoteGlobalIDString = F5E8A1DA2456B59700BD0BDB;
			remoteInfo = ActiveAndFit;
		};
/* End PBXContainerItemProxy section */

/* Begin PBXFileReference section */
		F5E8A1DB2456B59700BD0BDB /* ActiveAndFit.app */ = {isa = PBXFileReference; explicitFileType = wrapper.application; includeInIndex = 0; path = ActiveAndFit.app; sourceTree = BUILT_PRODUCTS_DIR; };
		F5E8A1DE2456B59700BD0BDB /* AppDelegate.swift */ = {isa = PBXFileReference; lastKnownFileType = sourcecode.swift; path = AppDelegate.swift; sourceTree = "<group>"; };
		F5E8A1E02456B59700BD0BDB /* SceneDelegate.swift */ = {isa = PBXFileReference; lastKnownFileType = sourcecode.swift; path = SceneDelegate.swift; sourceTree = "<group>"; };
		F5E8A1E22456B59700BD0BDB /* ViewController.swift */ = {isa = PBXFileReference; lastKnownFileType = sourcecode.swift; path = ViewController.swift; sourceTree = "<group>"; };
		F5E8A1E52456B59700BD0BDB /* Base */ = {isa = PBXFileReference; lastKnownFileType = file.storyboard; name = Base; path = Base.lproj/Main.storyboard; sourceTree = "<group>"; };
		F5E8A1E72456B59900BD0BDB /* Assets.xcassets */ = {isa = PBXFileReference; lastKnownFileType = folder.assetcatalog; path = Assets.xcassets; sourceTree = "<group>"; };
		F5E8A1EA2456B59900BD0BDB /* Base */ = {isa = PBXFileReference; lastKnownFileType = file.storyboard; name = Base; path = Base.lproj/LaunchScreen.storyboard; sourceTree = "<group>"; };
		F5E8A1EC2456B59900BD0BDB /* Info.plist */ = {isa = PBXFileReference; lastKnownFileType = text.plist.xml; path = Info.plist; sourceTree = "<group>"; };
		F5E8A1F12456B59A00BD0BDB /* ActiveAndFitTests.xctest */ = {isa = PBXFileReference; explicitFileType = wrapper.cfbundle; includeInIndex = 0; path = ActiveAndFitTests.xctest; sourceTree = BUILT_PRODUCTS_DIR; };
		F5E8A1F52456B59A00BD0BDB /* ActiveAndFitTests.swift */ = {isa = PBXFileReference; lastKnownFileType = sourcecode.swift; path = ActiveAndFitTests.swift; sourceTree = "<group>"; };
		F5E8A1F72456B59A00BD0BDB /* Info.plist */ = {isa = PBXFileReference; lastKnownFileType = text.plist.xml; path = Info.plist; sourceTree = "<group>"; };
		F5E8A1FC2456B59A00BD0BDB /* ActiveAndFitUITests.xctest */ = {isa = PBXFileReference; explicitFileType = wrapper.cfbundle; includeInIndex = 0; path = ActiveAndFitUITests.xctest; sourceTree = BUILT_PRODUCTS_DIR; };
		F5E8A2002456B59A00BD0BDB /* ActiveAndFitUITests.swift */ = {isa = PBXFileReference; lastKnownFileType = sourcecode.swift; path = ActiveAndFitUITests.swift; sourceTree = "<group>"; };
		F5E8A2022456B59A00BD0BDB /* Info.plist */ = {isa = PBXFileReference; lastKnownFileType = text.plist.xml; path = Info.plist; sourceTree = "<group>"; };
		F5E8A20E2456CC3700BD0BDB /* FacilitiesTableViewController.swift */ = {isa = PBXFileReference; lastKnownFileType = sourcecode.swift; path = FacilitiesTableViewController.swift; sourceTree = "<group>"; };
		F5E8A2102456CC4E00BD0BDB /* FacilitiesTableViewCell.swift */ = {isa = PBXFileReference; lastKnownFileType = sourcecode.swift; path = FacilitiesTableViewCell.swift; sourceTree = "<group>"; };
		F5E8A2142456FAD700BD0BDB /* ScheduleViewController.swift */ = {isa = PBXFileReference; lastKnownFileType = sourcecode.swift; name = ScheduleViewController.swift; path = ../ScheduleViewController.swift; sourceTree = "<group>"; };
		F5FDDA772457E4AE00D086F6 /* ChargesViewController.swift */ = {isa = PBXFileReference; lastKnownFileType = sourcecode.swift; path = ChargesViewController.swift; sourceTree = "<group>"; };
/* End PBXFileReference section */

/* Begin PBXFrameworksBuildPhase section */
		F5E8A1D82456B59700BD0BDB /* Frameworks */ = {
			isa = PBXFrameworksBuildPhase;
			buildActionMask = 2147483647;
			files = (
			);
			runOnlyForDeploymentPostprocessing = 0;
		};
		F5E8A1EE2456B59A00BD0BDB /* Frameworks */ = {
			isa = PBXFrameworksBuildPhase;
			buildActionMask = 2147483647;
			files = (
			);
			runOnlyForDeploymentPostprocessing = 0;
		};
		F5E8A1F92456B59A00BD0BDB /* Frameworks */ = {
			isa = PBXFrameworksBuildPhase;
			buildActionMask = 2147483647;
			files = (
			);
			runOnlyForDeploymentPostprocessing = 0;
		};
/* End PBXFrameworksBuildPhase section */

/* Begin PBXGroup section */
		F5E8A1D22456B59700BD0BDB = {
			isa = PBXGroup;
			children = (
				F5E8A1DD2456B59700BD0BDB /* ActiveAndFit */,
				F5E8A1F42456B59A00BD0BDB /* ActiveAndFitTests */,
				F5E8A1FF2456B59A00BD0BDB /* ActiveAndFitUITests */,
				F5E8A1DC2456B59700BD0BDB /* Products */,
			);
			sourceTree = "<group>";
		};
		F5E8A1DC2456B59700BD0BDB /* Products */ = {
			isa = PBXGroup;
			children = (
				F5E8A1DB2456B59700BD0BDB /* ActiveAndFit.app */,
				F5E8A1F12456B59A00BD0BDB /* ActiveAndFitTests.xctest */,
				F5E8A1FC2456B59A00BD0BDB /* ActiveAndFitUITests.xctest */,
			);
			name = Products;
			sourceTree = "<group>";
		};
		F5E8A1DD2456B59700BD0BDB /* ActiveAndFit */ = {
			isa = PBXGroup;
			children = (
				F5E8A1DE2456B59700BD0BDB /* AppDelegate.swift */,
				F5E8A1E02456B59700BD0BDB /* SceneDelegate.swift */,
				F5E8A1E22456B59700BD0BDB /* ViewController.swift */,
				F5E8A1E42456B59700BD0BDB /* Main.storyboard */,
				F5E8A20E2456CC3700BD0BDB /* FacilitiesTableViewController.swift */,
				F5E8A2102456CC4E00BD0BDB /* FacilitiesTableViewCell.swift */,
				F5E8A2142456FAD700BD0BDB /* ScheduleViewController.swift */,
				F5FDDA772457E4AE00D086F6 /* ChargesViewController.swift */,
				F5E8A1E72456B59900BD0BDB /* Assets.xcassets */,
				F5E8A1E92456B59900BD0BDB /* LaunchScreen.storyboard */,
				F5E8A1EC2456B59900BD0BDB /* Info.plist */,
			);
			path = ActiveAndFit;
			sourceTree = "<group>";
		};
		F5E8A1F42456B59A00BD0BDB /* ActiveAndFitTests */ = {
			isa = PBXGroup;
			children = (
				F5E8A1F52456B59A00BD0BDB /* ActiveAndFitTests.swift */,
				F5E8A1F72456B59A00BD0BDB /* Info.plist */,
			);
			path = ActiveAndFitTests;
			sourceTree = "<group>";
		};
		F5E8A1FF2456B59A00BD0BDB /* ActiveAndFitUITests */ = {
			isa = PBXGroup;
			children = (
				F5E8A2002456B59A00BD0BDB /* ActiveAndFitUITests.swift */,
				F5E8A2022456B59A00BD0BDB /* Info.plist */,
			);
			path = ActiveAndFitUITests;
			sourceTree = "<group>";
		};
/* End PBXGroup section */

/* Begin PBXNativeTarget section */
		F5E8A1DA2456B59700BD0BDB /* ActiveAndFit */ = {
			isa = PBXNativeTarget;
			buildConfigurationList = F5E8A2052456B59A00BD0BDB /* Build configuration list for PBXNativeTarget "ActiveAndFit" */;
			buildPhases = (
				F5E8A1D72456B59700BD0BDB /* Sources */,
				F5E8A1D82456B59700BD0BDB /* Frameworks */,
				F5E8A1D92456B59700BD0BDB /* Resources */,
			);
			buildRules = (
			);
			dependencies = (
			);
			name = ActiveAndFit;
			productName = ActiveAndFit;
			productReference = F5E8A1DB2456B59700BD0BDB /* ActiveAndFit.app */;
			productType = "com.apple.product-type.application";
		};
		F5E8A1F02456B59A00BD0BDB /* ActiveAndFitTests */ = {
			isa = PBXNativeTarget;
			buildConfigurationList = F5E8A2082456B59A00BD0BDB /* Build configuration list for PBXNativeTarget "ActiveAndFitTests" */;
			buildPhases = (
				F5E8A1ED2456B59A00BD0BDB /* Sources */,
				F5E8A1EE2456B59A00BD0BDB /* Frameworks */,
				F5E8A1EF2456B59A00BD0BDB /* Resources */,
			);
			buildRules = (
			);
			dependencies = (
				F5E8A1F32456B59A00BD0BDB /* PBXTargetDependency */,
			);
			name = ActiveAndFitTests;
			productName = ActiveAndFitTests;
			productReference = F5E8A1F12456B59A00BD0BDB /* ActiveAndFitTests.xctest */;
			productType = "com.apple.product-type.bundle.unit-test";
		};
		F5E8A1FB2456B59A00BD0BDB /* ActiveAndFitUITests */ = {
			isa = PBXNativeTarget;
			buildConfigurationList = F5E8A20B2456B59A00BD0BDB /* Build configuration list for PBXNativeTarget "ActiveAndFitUITests" */;
			buildPhases = (
				F5E8A1F82456B59A00BD0BDB /* Sources */,
				F5E8A1F92456B59A00BD0BDB /* Frameworks */,
				F5E8A1FA2456B59A00BD0BDB /* Resources */,
			);
			buildRules = (
			);
			dependencies = (
				F5E8A1FE2456B59A00BD0BDB /* PBXTargetDependency */,
			);
			name = ActiveAndFitUITests;
			productName = ActiveAndFitUITests;
			productReference = F5E8A1FC2456B59A00BD0BDB /* ActiveAndFitUITests.xctest */;
			productType = "com.apple.product-type.bundle.ui-testing";
		};
/* End PBXNativeTarget section */

/* Begin PBXProject section */
		F5E8A1D32456B59700BD0BDB /* Project object */ = {
			isa = PBXProject;
			attributes = {
				LastSwiftUpdateCheck = 1130;
				LastUpgradeCheck = 1130;
				ORGANIZATIONNAME = "Huy Hoang";
				TargetAttributes = {
					F5E8A1DA2456B59700BD0BDB = {
						CreatedOnToolsVersion = 11.3.1;
					};
					F5E8A1F02456B59A00BD0BDB = {
						CreatedOnToolsVersion = 11.3.1;
						TestTargetID = F5E8A1DA2456B59700BD0BDB;
					};
					F5E8A1FB2456B59A00BD0BDB = {
						CreatedOnToolsVersion = 11.3.1;
						TestTargetID = F5E8A1DA2456B59700BD0BDB;
					};
				};
			};
			buildConfigurationList = F5E8A1D62456B59700BD0BDB /* Build configuration list for PBXProject "ActiveAndFit" */;
			compatibilityVersion = "Xcode 9.3";
			developmentRegion = en;
			hasScannedForEncodings = 0;
			knownRegions = (
				en,
				Base,
			);
			mainGroup = F5E8A1D22456B59700BD0BDB;
			productRefGroup = F5E8A1DC2456B59700BD0BDB /* Products */;
			projectDirPath = "";
			projectRoot = "";
			targets = (
				F5E8A1DA2456B59700BD0BDB /* ActiveAndFit */,
				F5E8A1F02456B59A00BD0BDB /* ActiveAndFitTests */,
				F5E8A1FB2456B59A00BD0BDB /* ActiveAndFitUITests */,
			);
		};
/* End PBXProject section */

/* Begin PBXResourcesBuildPhase section */
		F5E8A1D92456B59700BD0BDB /* Resources */ = {
			isa = PBXResourcesBuildPhase;
			buildActionMask = 2147483647;
			files = (
				F5E8A1EB2456B59900BD0BDB /* LaunchScreen.storyboard in Resources */,
				F5E8A1E82456B59900BD0BDB /* Assets.xcassets in Resources */,
				F5E8A1E62456B59700BD0BDB /* Main.storyboard in Resources */,
			);
			runOnlyForDeploymentPostprocessing = 0;
		};
		F5E8A1EF2456B59A00BD0BDB /* Resources */ = {
			isa = PBXResourcesBuildPhase;
			buildActionMask = 2147483647;
			files = (
			);
			runOnlyForDeploymentPostprocessing = 0;
		};
		F5E8A1FA2456B59A00BD0BDB /* Resources */ = {
			isa = PBXResourcesBuildPhase;
			buildActionMask = 2147483647;
			files = (
			);
			runOnlyForDeploymentPostprocessing = 0;
		};
/* End PBXResourcesBuildPhase section */

/* Begin PBXSourcesBuildPhase section */
		F5E8A1D72456B59700BD0BDB /* Sources */ = {
			isa = PBXSourcesBuildPhase;
			buildActionMask = 2147483647;
			files = (
				F5E8A1E32456B59700BD0BDB /* ViewController.swift in Sources */,
				F5E8A2112456CC4E00BD0BDB /* FacilitiesTableViewCell.swift in Sources */,
				F5FDDA782457E4AE00D086F6 /* ChargesViewController.swift in Sources */,
				F5E8A1DF2456B59700BD0BDB /* AppDelegate.swift in Sources */,
				F5E8A2152456FAD700BD0BDB /* ScheduleViewController.swift in Sources */,
				F5E8A20F2456CC3700BD0BDB /* FacilitiesTableViewController.swift in Sources */,
				F5E8A1E12456B59700BD0BDB /* SceneDelegate.swift in Sources */,
			);
			runOnlyForDeploymentPostprocessing = 0;
		};
		F5E8A1ED2456B59A00BD0BDB /* Sources */ = {
			isa = PBXSourcesBuildPhase;
			buildActionMask = 2147483647;
			files = (
				F5E8A1F62456B59A00BD0BDB /* ActiveAndFitTests.swift in Sources */,
			);
			runOnlyForDeploymentPostprocessing = 0;
		};
		F5E8A1F82456B59A00BD0BDB /* Sources */ = {
			isa = PBXSourcesBuildPhase;
			buildActionMask = 2147483647;
			files = (
				F5E8A2012456B59A00BD0BDB /* ActiveAndFitUITests.swift in Sources */,
			);
			runOnlyForDeploymentPostprocessing = 0;
		};
/* End PBXSourcesBuildPhase section */

/* Begin PBXTargetDependency section */
		F5E8A1F32456B59A00BD0BDB /* PBXTargetDependency */ = {
			isa = PBXTargetDependency;
			target = F5E8A1DA2456B59700BD0BDB /* ActiveAndFit */;
			targetProxy = F5E8A1F22456B59A00BD0BDB /* PBXContainerItemProxy */;
		};
		F5E8A1FE2456B59A00BD0BDB /* PBXTargetDependency */ = {
			isa = PBXTargetDependency;
			target = F5E8A1DA2456B59700BD0BDB /* ActiveAndFit */;
			targetProxy = F5E8A1FD2456B59A00BD0BDB /* PBXContainerItemProxy */;
		};
/* End PBXTargetDependency section */

/* Begin PBXVariantGroup section */
		F5E8A1E42456B59700BD0BDB /* Main.storyboard */ = {
			isa = PBXVariantGroup;
			children = (
				F5E8A1E52456B59700BD0BDB /* Base */,
			);
			name = Main.storyboard;
			sourceTree = "<group>";
		};
		F5E8A1E92456B59900BD0BDB /* LaunchScreen.storyboard */ = {
			isa = PBXVariantGroup;
			children = (
				F5E8A1EA2456B59900BD0BDB /* Base */,
			);
			name = LaunchScreen.storyboard;
			sourceTree = "<group>";
		};
/* End PBXVariantGroup section */

/* Begin XCBuildConfiguration section */
		F5E8A2032456B59A00BD0BDB /* Debug */ = {
			isa = XCBuildConfiguration;
			buildSettings = {
				ALWAYS_SEARCH_USER_PATHS = NO;
				CLANG_ANALYZER_NONNULL = YES;
				CLANG_ANALYZER_NUMBER_OBJECT_CONVERSION = YES_AGGRESSIVE;
				CLANG_CXX_LANGUAGE_STANDARD = "gnu++14";
				CLANG_CXX_LIBRARY = "libc++";
				CLANG_ENABLE_MODULES = YES;
				CLANG_ENABLE_OBJC_ARC = YES;
				CLANG_ENABLE_OBJC_WEAK = YES;
				CLANG_WARN_BLOCK_CAPTURE_AUTORELEASING = YES;
				CLANG_WARN_BOOL_CONVERSION = YES;
				CLANG_WARN_COMMA = YES;
				CLANG_WARN_CONSTANT_CONVERSION = YES;
				CLANG_WARN_DEPRECATED_OBJC_IMPLEMENTATIONS = YES;
				CLANG_WARN_DIRECT_OBJC_ISA_USAGE = YES_ERROR;
				CLANG_WARN_DOCUMENTATION_COMMENTS = YES;
				CLANG_WARN_EMPTY_BODY = YES;
				CLANG_WARN_ENUM_CONVERSION = YES;
				CLANG_WARN_INFINITE_RECURSION = YES;
				CLANG_WARN_INT_CONVERSION = YES;
				CLANG_WARN_NON_LITERAL_NULL_CONVERSION = YES;
				CLANG_WARN_OBJC_IMPLICIT_RETAIN_SELF = YES;
				CLANG_WARN_OBJC_LITERAL_CONVERSION = YES;
				CLANG_WARN_OBJC_ROOT_CLASS = YES_ERROR;
				CLANG_WARN_RANGE_LOOP_ANALYSIS = YES;
				CLANG_WARN_STRICT_PROTOTYPES = YES;
				CLANG_WARN_SUSPICIOUS_MOVE = YES;
				CLANG_WARN_UNGUARDED_AVAILABILITY = YES_AGGRESSIVE;
				CLANG_WARN_UNREACHABLE_CODE = YES;
				CLANG_WARN__DUPLICATE_METHOD_MATCH = YES;
				COPY_PHASE_STRIP = NO;
				DEBUG_INFORMATION_FORMAT = dwarf;
				ENABLE_STRICT_OBJC_MSGSEND = YES;
				ENABLE_TESTABILITY = YES;
				GCC_C_LANGUAGE_STANDARD = gnu11;
				GCC_DYNAMIC_NO_PIC = NO;
				GCC_NO_COMMON_BLOCKS = YES;
				GCC_OPTIMIZATION_LEVEL = 0;
				GCC_PREPROCESSOR_DEFINITIONS = (
					"DEBUG=1",
					"$(inherited)",
				);
				GCC_WARN_64_TO_32_BIT_CONVERSION = YES;
				GCC_WARN_ABOUT_RETURN_TYPE = YES_ERROR;
				GCC_WARN_UNDECLARED_SELECTOR = YES;
				GCC_WARN_UNINITIALIZED_AUTOS = YES_AGGRESSIVE;
				GCC_WARN_UNUSED_FUNCTION = YES;
				GCC_WARN_UNUSED_VARIABLE = YES;
				IPHONEOS_DEPLOYMENT_TARGET = 13.2;
				MTL_ENABLE_DEBUG_INFO = INCLUDE_SOURCE;
				MTL_FAST_MATH = YES;
				ONLY_ACTIVE_ARCH = YES;
				SDKROOT = iphoneos;
				SWIFT_ACTIVE_COMPILATION_CONDITIONS = DEBUG;
				SWIFT_OPTIMIZATION_LEVEL = "-Onone";
			};
			name = Debug;
		};
		F5E8A2042456B59A00BD0BDB /* Release */ = {
			isa = XCBuildConfiguration;
			buildSettings = {
				ALWAYS_SEARCH_USER_PATHS = NO;
				CLANG_ANALYZER_NONNULL = YES;
				CLANG_ANALYZER_NUMBER_OBJECT_CONVERSION = YES_AGGRESSIVE;
				CLANG_CXX_LANGUAGE_STANDARD = "gnu++14";
				CLANG_CXX_LIBRARY = "libc++";
				CLANG_ENABLE_MODULES = YES;
				CLANG_ENABLE_OBJC_ARC = YES;
				CLANG_ENABLE_OBJC_WEAK = YES;
				CLANG_WARN_BLOCK_CAPTURE_AUTORELEASING = YES;
				CLANG_WARN_BOOL_CONVERSION = YES;
				CLANG_WARN_COMMA = YES;
				CLANG_WARN_CONSTANT_CONVERSION = YES;
				CLANG_WARN_DEPRECATED_OBJC_IMPLEMENTATIONS = YES;
				CLANG_WARN_DIRECT_OBJC_ISA_USAGE = YES_ERROR;
				CLANG_WARN_DOCUMENTATION_COMMENTS = YES;
				CLANG_WARN_EMPTY_BODY = YES;
				CLANG_WARN_ENUM_CONVERSION = YES;
				CLANG_WARN_INFINITE_RECURSION = YES;
				CLANG_WARN_INT_CONVERSION = YES;
				CLANG_WARN_NON_LITERAL_NULL_CONVERSION = YES;
				CLANG_WARN_OBJC_IMPLICIT_RETAIN_SELF = YES;
				CLANG_WARN_OBJC_LITERAL_CONVERSION = YES;
				CLANG_WARN_OBJC_ROOT_CLASS = YES_ERROR;
				CLANG_WARN_RANGE_LOOP_ANALYSIS = YES;
				CLANG_WARN_STRICT_PROTOTYPES = YES;
				CLANG_WARN_SUSPICIOUS_MOVE = YES;
				CLANG_WARN_UNGUARDED_AVAILABILITY = YES_AGGRESSIVE;
				CLANG_WARN_UNREACHABLE_CODE = YES;
				CLANG_WARN__DUPLICATE_METHOD_MATCH = YES;
				COPY_PHASE_STRIP = NO;
				DEBUG_INFORMATION_FORMAT = "dwarf-with-dsym";
				ENABLE_NS_ASSERTIONS = NO;
				ENABLE_STRICT_OBJC_MSGSEND = YES;
				GCC_C_LANGUAGE_STANDARD = gnu11;
				GCC_NO_COMMON_BLOCKS = YES;
				GCC_WARN_64_TO_32_BIT_CONVERSION = YES;
				GCC_WARN_ABOUT_RETURN_TYPE = YES_ERROR;
				GCC_WARN_UNDECLARED_SELECTOR = YES;
				GCC_WARN_UNINITIALIZED_AUTOS = YES_AGGRESSIVE;
				GCC_WARN_UNUSED_FUNCTION = YES;
				GCC_WARN_UNUSED_VARIABLE = YES;
				IPHONEOS_DEPLOYMENT_TARGET = 13.2;
				MTL_ENABLE_DEBUG_INFO = NO;
				MTL_FAST_MATH = YES;
				SDKROOT = iphoneos;
				SWIFT_COMPILATION_MODE = wholemodule;
				SWIFT_OPTIMIZATION_LEVEL = "-O";
				VALIDATE_PRODUCT = YES;
			};
			name = Release;
		};
		F5E8A2062456B59A00BD0BDB /* Debug */ = {
			isa = XCBuildConfiguration;
			buildSettings = {
				ASSETCATALOG_COMPILER_APPICON_NAME = AppIcon;
				CODE_SIGN_STYLE = Automatic;
				DEVELOPMENT_TEAM = 7JHV7N7R8Y;
				INFOPLIST_FILE = ActiveAndFit/Info.plist;
				LD_RUNPATH_SEARCH_PATHS = (
					"$(inherited)",
					"@executable_path/Frameworks",
				);
				PRODUCT_BUNDLE_IDENTIFIER = huyhoang.ActiveAndFit;
				PRODUCT_NAME = "$(TARGET_NAME)";
				SWIFT_VERSION = 5.0;
				TARGETED_DEVICE_FAMILY = "1,2";
			};
			name = Debug;
		};
		F5E8A2072456B59A00BD0BDB /* Release */ = {
			isa = XCBuildConfiguration;
			buildSettings = {
				ASSETCATALOG_COMPILER_APPICON_NAME = AppIcon;
				CODE_SIGN_STYLE = Automatic;
				DEVELOPMENT_TEAM = 7JHV7N7R8Y;
				INFOPLIST_FILE = ActiveAndFit/Info.plist;
				LD_RUNPATH_SEARCH_PATHS = (
					"$(inherited)",
					"@executable_path/Frameworks",
				);
				PRODUCT_BUNDLE_IDENTIFIER = huyhoang.ActiveAndFit;
				PRODUCT_NAME = "$(TARGET_NAME)";
				SWIFT_VERSION = 5.0;
				TARGETED_DEVICE_FAMILY = "1,2";
			};
			name = Release;
		};
		F5E8A2092456B59A00BD0BDB /* Debug */ = {
			isa = XCBuildConfiguration;
			buildSettings = {
				ALWAYS_EMBED_SWIFT_STANDARD_LIBRARIES = YES;
				BUNDLE_LOADER = "$(TEST_HOST)";
				CODE_SIGN_STYLE = Automatic;
				DEVELOPMENT_TEAM = 7JHV7N7R8Y;
				INFOPLIST_FILE = ActiveAndFitTests/Info.plist;
				IPHONEOS_DEPLOYMENT_TARGET = 13.2;
				LD_RUNPATH_SEARCH_PATHS = (
					"$(inherited)",
					"@executable_path/Frameworks",
					"@loader_path/Frameworks",
				);
				PRODUCT_BUNDLE_IDENTIFIER = huyhoang.ActiveAndFitTests;
				PRODUCT_NAME = "$(TARGET_NAME)";
				SWIFT_VERSION = 5.0;
				TARGETED_DEVICE_FAMILY = "1,2";
				TEST_HOST = "$(BUILT_PRODUCTS_DIR)/ActiveAndFit.app/ActiveAndFit";
			};
			name = Debug;
		};
		F5E8A20A2456B59A00BD0BDB /* Release */ = {
			isa = XCBuildConfiguration;
			buildSettings = {
				ALWAYS_EMBED_SWIFT_STANDARD_LIBRARIES = YES;
				BUNDLE_LOADER = "$(TEST_HOST)";
				CODE_SIGN_STYLE = Automatic;
				DEVELOPMENT_TEAM = 7JHV7N7R8Y;
				INFOPLIST_FILE = ActiveAndFitTests/Info.plist;
				IPHONEOS_DEPLOYMENT_TARGET = 13.2;
				LD_RUNPATH_SEARCH_PATHS = (
					"$(inherited)",
					"@executable_path/Frameworks",
					"@loader_path/Frameworks",
				);
				PRODUCT_BUNDLE_IDENTIFIER = huyhoang.ActiveAndFitTests;
				PRODUCT_NAME = "$(TARGET_NAME)";
				SWIFT_VERSION = 5.0;
				TARGETED_DEVICE_FAMILY = "1,2";
				TEST_HOST = "$(BUILT_PRODUCTS_DIR)/ActiveAndFit.app/ActiveAndFit";
			};
			name = Release;
		};
		F5E8A20C2456B59A00BD0BDB /* Debug */ = {
			isa = XCBuildConfiguration;
			buildSettings = {
				ALWAYS_EMBED_SWIFT_STANDARD_LIBRARIES = YES;
				CODE_SIGN_STYLE = Automatic;
				DEVELOPMENT_TEAM = 7JHV7N7R8Y;
				INFOPLIST_FILE = ActiveAndFitUITests/Info.plist;
				LD_RUNPATH_SEARCH_PATHS = (
					"$(inherited)",
					"@executable_path/Frameworks",
					"@loader_path/Frameworks",
				);
				PRODUCT_BUNDLE_IDENTIFIER = huyhoang.ActiveAndFitUITests;
				PRODUCT_NAME = "$(TARGET_NAME)";
				SWIFT_VERSION = 5.0;
				TARGETED_DEVICE_FAMILY = "1,2";
				TEST_TARGET_NAME = ActiveAndFit;
			};
			name = Debug;
		};
		F5E8A20D2456B59A00BD0BDB /* Release */ = {
			isa = XCBuildConfiguration;
			buildSettings = {
				ALWAYS_EMBED_SWIFT_STANDARD_LIBRARIES = YES;
				CODE_SIGN_STYLE = Automatic;
				DEVELOPMENT_TEAM = 7JHV7N7R8Y;
				INFOPLIST_FILE = ActiveAndFitUITests/Info.plist;
				LD_RUNPATH_SEARCH_PATHS = (
					"$(inherited)",
					"@executable_path/Frameworks",
					"@loader_path/Frameworks",
				);
				PRODUCT_BUNDLE_IDENTIFIER = huyhoang.ActiveAndFitUITests;
				PRODUCT_NAME = "$(TARGET_NAME)";
				SWIFT_VERSION = 5.0;
				TARGETED_DEVICE_FAMILY = "1,2";
				TEST_TARGET_NAME = ActiveAndFit;
			};
			name = Release;
		};
/* End XCBuildConfiguration section */

/* Begin XCConfigurationList section */
		F5E8A1D62456B59700BD0BDB /* Build configuration list for PBXProject "ActiveAndFit" */ = {
			isa = XCConfigurationList;
			buildConfigurations = (
				F5E8A2032456B59A00BD0BDB /* Debug */,
				F5E8A2042456B59A00BD0BDB /* Release */,
			);
			defaultConfigurationIsVisible = 0;
			defaultConfigurationName = Release;
		};
		F5E8A2052456B59A00BD0BDB /* Build configuration list for PBXNativeTarget "ActiveAndFit" */ = {
			isa = XCConfigurationList;
			buildConfigurations = (
				F5E8A2062456B59A00BD0BDB /* Debug */,
				F5E8A2072456B59A00BD0BDB /* Release */,
			);
			defaultConfigurationIsVisible = 0;
			defaultConfigurationName = Release;
		};
		F5E8A2082456B59A00BD0BDB /* Build configuration list for PBXNativeTarget "ActiveAndFitTests" */ = {
			isa = XCConfigurationList;
			buildConfigurations = (
				F5E8A2092456B59A00BD0BDB /* Debug */,
				F5E8A20A2456B59A00BD0BDB /* Release */,
			);
			defaultConfigurationIsVisible = 0;
			defaultConfigurationName = Release;
		};
		F5E8A20B2456B59A00BD0BDB /* Build configuration list for PBXNativeTarget "ActiveAndFitUITests" */ = {
			isa = XCConfigurationList;
			buildConfigurations = (
				F5E8A20C2456B59A00BD0BDB /* Debug */,
				F5E8A20D2456B59A00BD0BDB /* Release */,
			);
			defaultConfigurationIsVisible = 0;
			defaultConfigurationName = Release;
		};
/* End XCConfigurationList section */
	};
	rootObject = F5E8A1D32456B59700BD0BDB /* Project object */;
}
